{
  "requires": true,
  "lockfileVersion": 1,
  "dependencies": {
    "monaco-ace-tokenizer": {
      "version": "0.2.1",
      "resolved": "https://registry.npmjs.org/monaco-ace-tokenizer/-/monaco-ace-tokenizer-0.2.1.tgz",
      "integrity": "sha512-sR0mTmaZgSrYjx6PmD+FXq52R8TaUIbcmmJSpwn/t+6EpVLZvILA5oml8htYArMKtMDBier+/ljTgqus3pCetw=="
    }
  }
}
